NeoBundleLock auto-ctags.vim 8b0c0412b04e68d1867fddf342e84e6bd82f91ec
NeoBundleLock ctrlp.vim 7fa89fec125ce60a341f7c37dd769a8a31c49359
NeoBundleLock emmet-vim 5442207ccb4468ee511a3ae5aa4d81839b247d24
NeoBundleLock neobundle.vim f5ace1d749382ab5e5a22670d57c61303a927b72
NeoBundleLock nerdtree e671e403dd1ec1da59f70605c73aaedb6cb0e637
NeoBundleLock syntastic e0d044fa7e72acf75c0f10c96364c5ee462cbd8e
NeoBundleLock tcomment_vim e502db663e3d71e89023321e3630d7fa147d69f6
NeoBundleLock vim-autoclose a9a3b7384657bc1f60a963fd6c08c63fc48d61c3
NeoBundleLock vim-coffee-script aace5c23d812a205c93e87ff79df72d9366928df
NeoBundleLock vim-javascript 66926238838664765177d89dea940641863e90f3
NeoBundleLock vim-jsx eb656ed96435ccf985668ebd7bb6ceb34b736213
NeoBundleLock vim-quickrun 020df2ff8c369e284d2c5fbada2be779ca1d4665
NeoBundleLock yaml-vim 509eef523082d69a75652739d4e7e6068eeb6506
